
Microsoft Visual Studio Solution File, Format Version 12.00
# Visual Studio Version 17
VisualStudioVersion = 17.4.33213.308
MinimumVisualStudioVersion = 10.0.40219.1
Project("{9A19103F-16F7-4668-BE54-9A1E7A4F7556}") = "Projet2", "Projet2\Projet2.csproj", "{23D787DA-6A97-4FD6-AA56-9793E8523093}"
EndProject
Project("{FAE04EC0-301F-11D3-BF4B-00C04F79EFBC}") = "TestProject1", "TestProject1\TestProject1.csproj", "{C9126682-00EB-49D9-AEB3-07EA7202D4C7}"
EndProject
Global
	GlobalSection(SolutionConfigurationPlatforms) = preSolution
		Debug|Any CPU = Debug|Any CPU
		Release|Any CPU = Release|Any CPU
	EndGlobalSection
	GlobalSection(ProjectConfigurationPlatforms) = postSolution
		{23D787DA-6A97-4FD6-AA56-9793E8523093}.Debug|Any CPU.ActiveCfg = Debug|Any CPU
		{23D787DA-6A97-4FD6-AA56-9793E8523093}.Debug|Any CPU.Build.0 = Debug|Any CPU
		{23D787DA-6A97-4FD6-AA56-9793E8523093}.Release|Any CPU.ActiveCfg = Release|Any CPU
		{23D787DA-6A97-4FD6-AA56-9793E8523093}.Release|Any CPU.Build.0 = Release|Any CPU
		{C9126682-00EB-49D9-AEB3-07EA7202D4C7}.Debug|Any CPU.ActiveCfg = Debug|Any CPU
		{C9126682-00EB-49D9-AEB3-07EA7202D4C7}.Debug|Any CPU.Build.0 = Debug|Any CPU
		{C9126682-00EB-49D9-AEB3-07EA7202D4C7}.Release|Any CPU.ActiveCfg = Release|Any CPU
		{C9126682-00EB-49D9-AEB3-07EA7202D4C7}.Release|Any CPU.Build.0 = Release|Any CPU
	EndGlobalSection
	GlobalSection(SolutionProperties) = preSolution
		HideSolutionNode = FALSE
	EndGlobalSection
	GlobalSection(ExtensibilityGlobals) = postSolution
		SolutionGuid = {12377197-AD4B-4151-80DE-42BEEB48B04C}
	EndGlobalSection
EndGlobal
